<?xml version="1.0" encoding="utf-8"?>
<Project ToolsVersion="4.0" xmlns="http://schemas.microsoft.com/developer/msbuild/2003">
  <ItemGroup>
    <Filter Include="源文件">
      <UniqueIdentifier>{4FC737F1-C7A5-4376-A066-2A32D752A2FF}</UniqueIdentifier>
      <Extensions>cpp;c;cc;cxx;def;odl;idl;hpj;bat;asm;asmx</Extensions>
    </Filter>
    <Filter Include="头文件">
      <UniqueIdentifier>{93995380-89BD-4b04-88EB-625FBE52EBFB}</UniqueIdentifier>
      <Extensions>h;hh;hpp;hxx;hm;inl;inc;xsd</Extensions>
    </Filter>
    <Filter Include="资源文件">
      <UniqueIdentifier>{67DA6AB6-F800-4c08-8B7A-83BB121AAD01}</UniqueIdentifier>
      <Extensions>rc;ico;cur;bmp;dlg;rc2;rct;bin;rgs;gif;jpg;jpeg;jpe;resx;tiff;tif;png;wav;mfcribbon-ms</Extensions>
    </Filter>
    <Filter Include="头文件\TestTiger">
      <UniqueIdentifier>{fc2c955c-8d11-4d88-88dc-d3235e74257b}</UniqueIdentifier>
    </Filter>
    <Filter Include="源文件\TestTiger">
      <UniqueIdentifier>{f6ab8ece-3bf7-4b9b-a1b4-2eac360ded33}</UniqueIdentifier>
    </Filter>
    <Filter Include="源文件\TestCase">
      <UniqueIdentifier>{63519020-dc89-40b1-b1e4-a7bf36981681}</UniqueIdentifier>
    </Filter>
    <Filter Include="头文件\Value">
      <UniqueIdentifier>{9db9d4c3-8a3a-48c8-be52-a0ff5c66d24f}</UniqueIdentifier>
    </Filter>
    <Filter Include="源文件\Value">
      <UniqueIdentifier>{6480a677-cbb3-43d3-b42a-38fe771c0709}</UniqueIdentifier>
    </Filter>
    <Filter Include="头文件\SyntaxTree">
      <UniqueIdentifier>{079c497a-db66-476f-81ae-940bf777b510}</UniqueIdentifier>
    </Filter>
    <Filter Include="源文件\SyntaxTree">
      <UniqueIdentifier>{269fc0c0-3955-4902-9896-3c6f087c926d}</UniqueIdentifier>
    </Filter>
    <Filter Include="头文件\Parser">
      <UniqueIdentifier>{5112a20b-4c47-4f38-9e88-8e4dfebe205e}</UniqueIdentifier>
    </Filter>
    <Filter Include="源文件\Parser">
      <UniqueIdentifier>{637dfe10-7fab-4b6c-a5c7-423ba6d28670}</UniqueIdentifier>
    </Filter>
    <Filter Include="头文件\Lexer">
      <UniqueIdentifier>{a24493dd-930b-46dc-8cce-ad4c1457f841}</UniqueIdentifier>
    </Filter>
    <Filter Include="源文件\Lexer">
      <UniqueIdentifier>{6d01373e-b0f4-4f66-9072-68109ce3a4de}</UniqueIdentifier>
    </Filter>
  </ItemGroup>
  <ItemGroup>
    <ClInclude Include="TestTiger\TestTiger.h">
      <Filter>头文件\TestTiger</Filter>
    </ClInclude>
    <ClInclude Include="Value\RaveValue.h">
      <Filter>头文件\Value</Filter>
    </ClInclude>
    <ClInclude Include="Value\RaveNativePointer.h">
      <Filter>头文件\Value</Filter>
    </ClInclude>
    <ClInclude Include="Value\RaveObject.h">
      <Filter>头文件\Value</Filter>
    </ClInclude>
    <ClInclude Include="Value\RaveString.h">
      <Filter>头文件\Value</Filter>
    </ClInclude>
    <ClInclude Include="Value\RaveArray.h">
      <Filter>头文件\Value</Filter>
    </ClInclude>
    <ClInclude Include="SyntaxTree\Node.h">
      <Filter>头文件\SyntaxTree</Filter>
    </ClInclude>
    <ClInclude Include="SyntaxTree\Statement.h">
      <Filter>头文件\SyntaxTree</Filter>
    </ClInclude>
    <ClInclude Include="SyntaxTree\Expression.h">
      <Filter>头文件\SyntaxTree</Filter>
    </ClInclude>
    <ClInclude Include="Lexer\Token.h">
      <Filter>头文件\Lexer</Filter>
    </ClInclude>
    <ClInclude Include="Lexer\Lexer.h">
      <Filter>头文件\Lexer</Filter>
    </ClInclude>
  </ItemGroup>
  <ItemGroup>
    <ClCompile Include="TestTiger\TestTiger.cpp">
      <Filter>源文件\TestTiger</Filter>
    </ClCompile>
    <ClCompile Include="Main.cpp">
      <Filter>源文件</Filter>
    </ClCompile>
    <ClCompile Include="TestCase\TestTestTiger.cpp">
      <Filter>源文件\TestCase</Filter>
    </ClCompile>
    <ClCompile Include="Value\RaveValue.cpp">
      <Filter>源文件\Value</Filter>
    </ClCompile>
    <ClCompile Include="Value\RaveNativePointer.cpp">
      <Filter>源文件\Value</Filter>
    </ClCompile>
    <ClCompile Include="Value\RaveObject.cpp">
      <Filter>源文件\Value</Filter>
    </ClCompile>
    <ClCompile Include="Value\RaveString.cpp">
      <Filter>源文件\Value</Filter>
    </ClCompile>
    <ClCompile Include="Value\RaveArray.cpp">
      <Filter>源文件\Value</Filter>
    </ClCompile>
    <ClCompile Include="SyntaxTree\Node.cpp">
      <Filter>源文件\SyntaxTree</Filter>
    </ClCompile>
    <ClCompile Include="SyntaxTree\Statement.cpp">
      <Filter>源文件\SyntaxTree</Filter>
    </ClCompile>
    <ClCompile Include="SyntaxTree\Expression.cpp">
      <Filter>源文件\SyntaxTree</Filter>
    </ClCompile>
    <ClCompile Include="Lexer\Token.cpp">
      <Filter>源文件\Lexer</Filter>
    </ClCompile>
    <ClCompile Include="TestToken.cpp">
      <Filter>源文件\TestCase</Filter>
    </ClCompile>
    <ClCompile Include="Lexer\Lexer.cpp">
      <Filter>源文件\Lexer</Filter>
    </ClCompile>
  </ItemGroup>
</Project>